
Microsoft Visual Studio Solution File, Format Version 12.00
# Visual Studio Version 17
VisualStudioVersion = 17.4.33213.308
MinimumVisualStudioVersion = 10.0.40219.1
Project("{FAE04EC0-301F-11D3-BF4B-00C04F79EFBC}") = "DnD 5e Encounter Calculator", "DnD 5e Encounter Calculator\DnD 5e Encounter Calculator.csproj", "{DD3A4F0D-B178-4C6C-9735-5DD0365C0007}"
EndProject
Global
	GlobalSection(SolutionConfigurationPlatforms) = preSolution
		Debug|Any CPU = Debug|Any CPU
		Release|Any CPU = Release|Any CPU
	EndGlobalSection
	GlobalSection(ProjectConfigurationPlatforms) = postSolution
		{DD3A4F0D-B178-4C6C-9735-5DD0365C0007}.Debug|Any CPU.ActiveCfg = Debug|Any CPU
		{DD3A4F0D-B178-4C6C-9735-5DD0365C0007}.Debug|Any CPU.Build.0 = Debug|Any CPU
		{DD3A4F0D-B178-4C6C-9735-5DD0365C0007}.Release|Any CPU.ActiveCfg = Release|Any CPU
		{DD3A4F0D-B178-4C6C-9735-5DD0365C0007}.Release|Any CPU.Build.0 = Release|Any CPU
	EndGlobalSection
	GlobalSection(SolutionProperties) = preSolution
		HideSolutionNode = FALSE
	EndGlobalSection
	GlobalSection(ExtensibilityGlobals) = postSolution
		SolutionGuid = {12066D5A-7AE2-43A4-8730-9A2732609263}
	EndGlobalSection
EndGlobal
